
Microsoft Visual Studio Solution File, Format Version 12.00
# Visual Studio Version 17
VisualStudioVersion = 17.3.32901.215
MinimumVisualStudioVersion = 10.0.40219.1
Project("{8BC9CEB8-8B4A-11D0-8D11-00A0C91BC942}") = "HW3", "HW3\HW3.vcxproj", "{0023B13C-3727-4F09-854C-2253E286D143}"
EndProject
Project("{8BC9CEB8-8B4A-11D0-8D11-00A0C91BC942}") = "Sum", "Sum\Sum.vcxproj", "{91334CC1-8B4B-49B4-80C7-215736B803EE}"
EndProject
Global
	GlobalSection(SolutionConfigurationPlatforms) = preSolution
		Debug|x64 = Debug|x64
		Debug|x86 = Debug|x86
		Release|x64 = Release|x64
		Release|x86 = Release|x86
	EndGlobalSection
	GlobalSection(ProjectConfigurationPlatforms) = postSolution
		{0023B13C-3727-4F09-854C-2253E286D143}.Debug|x64.ActiveCfg = Debug|x64
		{0023B13C-3727-4F09-854C-2253E286D143}.Debug|x64.Build.0 = Debug|x64
		{0023B13C-3727-4F09-854C-2253E286D143}.Debug|x86.ActiveCfg = Debug|Win32
		{0023B13C-3727-4F09-854C-2253E286D143}.Debug|x86.Build.0 = Debug|Win32
		{0023B13C-3727-4F09-854C-2253E286D143}.Release|x64.ActiveCfg = Release|x64
		{0023B13C-3727-4F09-854C-2253E286D143}.Release|x64.Build.0 = Release|x64
		{0023B13C-3727-4F09-854C-2253E286D143}.Release|x86.ActiveCfg = Release|Win32
		{0023B13C-3727-4F09-854C-2253E286D143}.Release|x86.Build.0 = Release|Win32
		{91334CC1-8B4B-49B4-80C7-215736B803EE}.Debug|x64.ActiveCfg = Debug|x64
		{91334CC1-8B4B-49B4-80C7-215736B803EE}.Debug|x64.Build.0 = Debug|x64
		{91334CC1-8B4B-49B4-80C7-215736B803EE}.Debug|x86.ActiveCfg = Debug|Win32
		{91334CC1-8B4B-49B4-80C7-215736B803EE}.Debug|x86.Build.0 = Debug|Win32
		{91334CC1-8B4B-49B4-80C7-215736B803EE}.Release|x64.ActiveCfg = Release|x64
		{91334CC1-8B4B-49B4-80C7-215736B803EE}.Release|x64.Build.0 = Release|x64
		{91334CC1-8B4B-49B4-80C7-215736B803EE}.Release|x86.ActiveCfg = Release|Win32
		{91334CC1-8B4B-49B4-80C7-215736B803EE}.Release|x86.Build.0 = Release|Win32
	EndGlobalSection
	GlobalSection(SolutionProperties) = preSolution
		HideSolutionNode = FALSE
	EndGlobalSection
	GlobalSection(ExtensibilityGlobals) = postSolution
		SolutionGuid = {2F061F38-8026-424A-B718-95B4D655024E}
	EndGlobalSection
EndGlobal
